# This file was autogenerated by Stack.
# You should not edit this file by hand.
# For more information, please see the documentation at:
#   https://docs.haskellstack.org/en/stable/lock_files

packages: []
snapshots:
- completed:
    size: 527182
    url: https://raw.githubusercontent.com/commercialhaskell/stackage-snapshots/master/lts/11/14.yaml
    sha256: b4cbb55d71ef0e49a058cc057c0282acfa5c409f42a59a48552548bd510ab73c
  original: lts-11.14
